// !$*UTF8*$!
{
	archiveVersion = 1;
	classes = {
	};
	objectVersion = 51;
	objects = {

/* Begin PBXBuildFile section */
		05D41B5A755B400146A5CDB8 /* Pods_flixter_flixterUITests.framework in Frameworks */ = {isa = PBXBuildFile; fileRef = 5CBCFBEA4D64C55B4CF33E28 /* Pods_flixter_flixterUITests.framework */; };
		07AFF2432527E66A006CE052 /* MovieGridViewController.swift in Sources */ = {isa = PBXBuildFile; fileRef = 07AFF2422527E66A006CE052 /* MovieGridViewController.swift */; };
		07BB8F7E2527D59300D8C9AD /* MovieDetailsViewController.swift in Sources */ = {isa = PBXBuildFile; fileRef = 07BB8F7D2527D59300D8C9AD /* MovieDetailsViewController.swift */; };
		07EBEB02251F0CC5005AB2EF /* AppDelegate.swift in Sources */ = {isa = PBXBuildFile; fileRef = 07EBEB01251F0CC5005AB2EF /* AppDelegate.swift */; };
		07EBEB04251F0CC5005AB2EF /* SceneDelegate.swift in Sources */ = {isa = PBXBuildFile; fileRef = 07EBEB03251F0CC5005AB2EF /* SceneDelegate.swift */; };
		07EBEB09251F0CC5005AB2EF /* Main.storyboard in Resources */ = {isa = PBXBuildFile; fileRef = 07EBEB07251F0CC5005AB2EF /* Main.storyboard */; };
		07EBEB0B251F0CC6005AB2EF /* Assets.xcassets in Resources */ = {isa = PBXBuildFile; fileRef = 07EBEB0A251F0CC6005AB2EF /* Assets.xcassets */; };
		07EBEB0E251F0CC6005AB2EF /* LaunchScreen.storyboard in Resources */ = {isa = PBXBuildFile; fileRef = 07EBEB0C251F0CC6005AB2EF /* LaunchScreen.storyboard */; };
		07EBEB19251F0CC6005AB2EF /* flixterTests.swift in Sources */ = {isa = PBXBuildFile; fileRef = 07EBEB18251F0CC6005AB2EF /* flixterTests.swift */; };
		07EBEB24251F0CC6005AB2EF /* flixterUITests.swift in Sources */ = {isa = PBXBuildFile; fileRef = 07EBEB23251F0CC6005AB2EF /* flixterUITests.swift */; };
		07EBEB35251F0D87005AB2EF /* MoviesViewController.swift in Sources */ = {isa = PBXBuildFile; fileRef = 07EBEB34251F0D87005AB2EF /* MoviesViewController.swift */; };
		07FBB7CE251F1BC300B965A0 /* MovieCell.swift in Sources */ = {isa = PBXBuildFile; fileRef = 07FBB7CD251F1BC300B965A0 /* MovieCell.swift */; };
		74447E6B8564CD44624A619F /* Pods_flixterTests.framework in Frameworks */ = {isa = PBXBuildFile; fileRef = 945214CA61293F2E2FD12F83 /* Pods_flixterTests.framework */; };
		98E107DE7163DB7788C23B35 /* Pods_flixter.framework in Frameworks */ = {isa = PBXBuildFile; fileRef = 1A4E5AA11FA02D1604FE2C74 /* Pods_flixter.framework */; };
/* End PBXBuildFile section */

/* Begin PBXContainerItemProxy section */
		07EBEB15251F0CC6005AB2EF /* PBXContainerItemProxy */ = {
			isa = PBXContainerItemProxy;
			containerPortal = 07EBEAF6251F0CC5005AB2EF /* Project object */;
			proxyType = 1;
			remoteGlobalIDString = 07EBEAFD251F0CC5005AB2EF;
			remoteInfo = flixter;
		};
		07EBEB20251F0CC6005AB2EF /* PBXContainerItemProxy */ = {
			isa = PBXContainerItemProxy;
			containerPortal = 07EBEAF6251F0CC5005AB2EF /* Project object */;
			proxyType = 1;
			remoteGlobalIDString = 07EBEAFD251F0CC5005AB2EF;
			remoteInfo = flixter;
		};
/* End PBXContainerItemProxy section */

/* Begin PBXFileReference section */
		07AFF2422527E66A006CE052 /* MovieGridViewController.swift */ = {isa = PBXFileReference; lastKnownFileType = sourcecode.swift; path = MovieGridViewController.swift; sourceTree = "<group>"; };
		07BB8F7D2527D59300D8C9AD /* MovieDetailsViewController.swift */ = {isa = PBXFileReference; lastKnownFileType = sourcecode.swift; path = MovieDetailsViewController.swift; sourceTree = "<group>"; };
		07EBEAFE251F0CC5005AB2EF /* flixter.app */ = {isa = PBXFileReference; explicitFileType = wrapper.application; includeInIndex = 0; path = flixter.app; sourceTree = BUILT_PRODUCTS_DIR; };
		07EBEB01251F0CC5005AB2EF /* AppDelegate.swift */ = {isa = PBXFileReference; lastKnownFileType = sourcecode.swift; path = AppDelegate.swift; sourceTree = "<group>"; };
		07EBEB03251F0CC5005AB2EF /* SceneDelegate.swift */ = {isa = PBXFileReference; lastKnownFileType = sourcecode.swift; path = SceneDelegate.swift; sourceTree = "<group>"; };
		07EBEB08251F0CC5005AB2EF /* Base */ = {isa = PBXFileReference; lastKnownFileType = file.storyboard; name = Base; path = Base.lproj/Main.storyboard; sourceTree = "<group>"; };
		07EBEB0A251F0CC6005AB2EF /* Assets.xcassets */ = {isa = PBXFileReference; lastKnownFileType = folder.assetcatalog; path = Assets.xcassets; sourceTree = "<group>"; };
		07EBEB0D251F0CC6005AB2EF /* Base */ = {isa = PBXFileReference; lastKnownFileType = file.storyboard; name = Base; path = Base.lproj/LaunchScreen.storyboard; sourceTree = "<group>"; };
		07EBEB0F251F0CC6005AB2EF /* Info.plist */ = {isa = PBXFileReference; lastKnownFileType = text.plist.xml; path = Info.plist; sourceTree = "<group>"; };
		07EBEB14251F0CC6005AB2EF /* flixterTests.xctest */ = {isa = PBXFileReference; explicitFileType = wrapper.cfbundle; includeInIndex = 0; path = flixterTests.xctest; sourceTree = BUILT_PRODUCTS_DIR; };
		07EBEB18251F0CC6005AB2EF /* flixterTests.swift */ = {isa = PBXFileReference; lastKnownFileType = sourcecode.swift; path = flixterTests.swift; sourceTree = "<group>"; };
		07EBEB1A251F0CC6005AB2EF /* Info.plist */ = {isa = PBXFileReference; lastKnownFileType = text.plist.xml; path = Info.plist; sourceTree = "<group>"; };
		07EBEB1F251F0CC6005AB2EF /* flixterUITests.xctest */ = {isa = PBXFileReference; explicitFileType = wrapper.cfbundle; includeInIndex = 0; path = flixterUITests.xctest; sourceTree = BUILT_PRODUCTS_DIR; };
		07EBEB23251F0CC6005AB2EF /* flixterUITests.swift */ = {isa = PBXFileReference; lastKnownFileType = sourcecode.swift; path = flixterUITests.swift; sourceTree = "<group>"; };
		07EBEB25251F0CC6005AB2EF /* Info.plist */ = {isa = PBXFileReference; lastKnownFileType = text.plist.xml; path = Info.plist; sourceTree = "<group>"; };
		07EBEB34251F0D87005AB2EF /* MoviesViewController.swift */ = {isa = PBXFileReference; lastKnownFileType = sourcecode.swift; path = MoviesViewController.swift; sourceTree = "<group>"; };
		07FBB7CD251F1BC300B965A0 /* MovieCell.swift */ = {isa = PBXFileReference; lastKnownFileType = sourcecode.swift; path = MovieCell.swift; sourceTree = "<group>"; };
		1A4E5AA11FA02D1604FE2C74 /* Pods_flixter.framework */ = {isa = PBXFileReference; explicitFileType = wrapper.framework; includeInIndex = 0; path = Pods_flixter.framework; sourceTree = BUILT_PRODUCTS_DIR; };
		577F207ED3480331E62639F1 /* Pods-flixterTests.release.xcconfig */ = {isa = PBXFileReference; includeInIndex = 1; lastKnownFileType = text.xcconfig; name = "Pods-flixterTests.release.xcconfig"; path = "Target Support Files/Pods-flixterTests/Pods-flixterTests.release.xcconfig"; sourceTree = "<group>"; };
		5CBCFBEA4D64C55B4CF33E28 /* Pods_flixter_flixterUITests.framework */ = {isa = PBXFileReference; explicitFileType = wrapper.framework; includeInIndex = 0; path = Pods_flixter_flixterUITests.framework; sourceTree = BUILT_PRODUCTS_DIR; };
		5F446A3B0B8549FC92CDA190 /* Pods-flixter-flixterUITests.release.xcconfig */ = {isa = PBXFileReference; includeInIndex = 1; lastKnownFileType = text.xcconfig; name = "Pods-flixter-flixterUITests.release.xcconfig"; path = "Target Support Files/Pods-flixter-flixterUITests/Pods-flixter-flixterUITests.release.xcconfig"; sourceTree = "<group>"; };
		6BA11DB7FC8558EB98EFC597 /* Pods-flixter.release.xcconfig */ = {isa = PBXFileReference; includeInIndex = 1; lastKnownFileType = text.xcconfig; name = "Pods-flixter.release.xcconfig"; path = "Target Support Files/Pods-flixter/Pods-flixter.release.xcconfig"; sourceTree = "<group>"; };
		73989CF2F032BA4F1764F46D /* Pods-flixter-flixterUITests.debug.xcconfig */ = {isa = PBXFileReference; includeInIndex = 1; lastKnownFileType = text.xcconfig; name = "Pods-flixter-flixterUITests.debug.xcconfig"; path = "Target Support Files/Pods-flixter-flixterUITests/Pods-flixter-flixterUITests.debug.xcconfig"; sourceTree = "<group>"; };
		8C01A4CF1F4914651FE43741 /* Pods-flixter.debug.xcconfig */ = {isa = PBXFileReference; includeInIndex = 1; lastKnownFileType = text.xcconfig; name = "Pods-flixter.debug.xcconfig"; path = "Target Support Files/Pods-flixter/Pods-flixter.debug.xcconfig"; sourceTree = "<group>"; };
		8E263EB86632F16CAD21EF37 /* Pods-flixterTests.debug.xcconfig */ = {isa = PBXFileReference; includeInIndex = 1; lastKnownFileType = text.xcconfig; name = "Pods-flixterTests.debug.xcconfig"; path = "Target Support Files/Pods-flixterTests/Pods-flixterTests.debug.xcconfig"; sourceTree = "<group>"; };
		945214CA61293F2E2FD12F83 /* Pods_flixterTests.framework */ = {isa = PBXFileReference; explicitFileType = wrapper.framework; includeInIndex = 0; path = Pods_flixterTests.framework; sourceTree = BUILT_PRODUCTS_DIR; };
/* End PBXFileReference section */

/* Begin PBXFrameworksBuildPhase section */
		07EBEAFB251F0CC5005AB2EF /* Frameworks */ = {
			isa = PBXFrameworksBuildPhase;
			buildActionMask = 2147483647;
			files = (
				98E107DE7163DB7788C23B35 /* Pods_flixter.framework in Frameworks */,
			);
			runOnlyForDeploymentPostprocessing = 0;
		};
		07EBEB11251F0CC6005AB2EF /* Frameworks */ = {
			isa = PBXFrameworksBuildPhase;
			buildActionMask = 2147483647;
			files = (
				74447E6B8564CD44624A619F /* Pods_flixterTests.framework in Frameworks */,
			);
			runOnlyForDeploymentPostprocessing = 0;
		};
		07EBEB1C251F0CC6005AB2EF /* Frameworks */ = {
			isa = PBXFrameworksBuildPhase;
			buildActionMask = 2147483647;
			files = (
				05D41B5A755B400146A5CDB8 /* Pods_flixter_flixterUITests.framework in Frameworks */,
			);
			runOnlyForDeploymentPostprocessing = 0;
		};
/* End PBXFrameworksBuildPhase section */

/* Begin PBXGroup section */
		07EBEAF5251F0CC5005AB2EF = {
			isa = PBXGroup;
			children = (
				07EBEB00251F0CC5005AB2EF /* flixter */,
				07EBEB17251F0CC6005AB2EF /* flixterTests */,
				07EBEB22251F0CC6005AB2EF /* flixterUITests */,
				07EBEAFF251F0CC5005AB2EF /* Products */,
				85AEEEFDDF29E2CC419A89D6 /* Pods */,
				841B130CFDD561B39B05E983 /* Frameworks */,
			);
			sourceTree = "<group>";
		};
		07EBEAFF251F0CC5005AB2EF /* Products */ = {
			isa = PBXGroup;
			children = (
				07EBEAFE251F0CC5005AB2EF /* flixter.app */,
				07EBEB14251F0CC6005AB2EF /* flixterTests.xctest */,
				07EBEB1F251F0CC6005AB2EF /* flixterUITests.xctest */,
			);
			name = Products;
			sourceTree = "<group>";
		};
		07EBEB00251F0CC5005AB2EF /* flixter */ = {
			isa = PBXGroup;
			children = (
				07EBEB01251F0CC5005AB2EF /* AppDelegate.swift */,
				07EBEB03251F0CC5005AB2EF /* SceneDelegate.swift */,
				07EBEB07251F0CC5005AB2EF /* Main.storyboard */,
				07FBB7CD251F1BC300B965A0 /* MovieCell.swift */,
				07EBEB0A251F0CC6005AB2EF /* Assets.xcassets */,
				07EBEB0C251F0CC6005AB2EF /* LaunchScreen.storyboard */,
				07EBEB0F251F0CC6005AB2EF /* Info.plist */,
				07EBEB34251F0D87005AB2EF /* MoviesViewController.swift */,
				07BB8F7D2527D59300D8C9AD /* MovieDetailsViewController.swift */,
				07AFF2422527E66A006CE052 /* MovieGridViewController.swift */,
			);
			path = flixter;
			sourceTree = "<group>";
		};
		07EBEB17251F0CC6005AB2EF /* flixterTests */ = {
			isa = PBXGroup;
			children = (
				07EBEB18251F0CC6005AB2EF /* flixterTests.swift */,
				07EBEB1A251F0CC6005AB2EF /* Info.plist */,
			);
			path = flixterTests;
			sourceTree = "<group>";
		};
		07EBEB22251F0CC6005AB2EF /* flixterUITests */ = {
			isa = PBXGroup;
			children = (
				07EBEB23251F0CC6005AB2EF /* flixterUITests.swift */,
				07EBEB25251F0CC6005AB2EF /* Info.plist */,
			);
			path = flixterUITests;
			sourceTree = "<group>";
		};
		841B130CFDD561B39B05E983 /* Frameworks */ = {
			isa = PBXGroup;
			children = (
				1A4E5AA11FA02D1604FE2C74 /* Pods_flixter.framework */,
				5CBCFBEA4D64C55B4CF33E28 /* Pods_flixter_flixterUITests.framework */,
				945214CA61293F2E2FD12F83 /* Pods_flixterTests.framework */,
			);
			name = Frameworks;
			sourceTree = "<group>";
		};
		85AEEEFDDF29E2CC419A89D6 /* Pods */ = {
			isa = PBXGroup;
			children = (
				8C01A4CF1F4914651FE43741 /* Pods-flixter.debug.xcconfig */,
				6BA11DB7FC8558EB98EFC597 /* Pods-flixter.release.xcconfig */,
				73989CF2F032BA4F1764F46D /* Pods-flixter-flixterUITests.debug.xcconfig */,
				5F446A3B0B8549FC92CDA190 /* Pods-flixter-flixterUITests.release.xcconfig */,
				8E263EB86632F16CAD21EF37 /* Pods-flixterTests.debug.xcconfig */,
				577F207ED3480331E62639F1 /* Pods-flixterTests.release.xcconfig */,
			);
			path = Pods;
			sourceTree = "<group>";
		};
/* End PBXGroup section */

/* Begin PBXNativeTarget section */
		07EBEAFD251F0CC5005AB2EF /* flixter */ = {
			isa = PBXNativeTarget;
			buildConfigurationList = 07EBEB28251F0CC6005AB2EF /* Build configuration list for PBXNativeTarget "flixter" */;
			buildPhases = (
				5DDE65D22EF31D91DCED7453 /* [CP] Check Pods Manifest.lock */,
				07EBEAFA251F0CC5005AB2EF /* Sources */,
				07EBEAFB251F0CC5005AB2EF /* Frameworks */,
				07EBEAFC251F0CC5005AB2EF /* Resources */,
				FBD7AF95506A5F54A92952BF /* [CP] Embed Pods Frameworks */,
			);
			buildRules = (
			);
			dependencies = (
			);
			name = flixter;
			productName = flixter;
			productReference = 07EBEAFE251F0CC5005AB2EF /* flixter.app */;
			productType = "com.apple.product-type.application";
		};
		07EBEB13251F0CC6005AB2EF /* flixterTests */ = {
			isa = PBXNativeTarget;
			buildConfigurationList = 07EBEB2B251F0CC6005AB2EF /* Build configuration list for PBXNativeTarget "flixterTests" */;
			buildPhases = (
				AD621CFF1DBCB856808F9484 /* [CP] Check Pods Manifest.lock */,
				07EBEB10251F0CC6005AB2EF /* Sources */,
				07EBEB11251F0CC6005AB2EF /* Frameworks */,
				07EBEB12251F0CC6005AB2EF /* Resources */,
			);
			buildRules = (
			);
			dependencies = (
				07EBEB16251F0CC6005AB2EF /* PBXTargetDependency */,
			);
			name = flixterTests;
			productName = flixterTests;
			productReference = 07EBEB14251F0CC6005AB2EF /* flixterTests.xctest */;
			productType = "com.apple.product-type.bundle.unit-test";
		};
		07EBEB1E251F0CC6005AB2EF /* flixterUITests */ = {
			isa = PBXNativeTarget;
			buildConfigurationList = 07EBEB2E251F0CC6005AB2EF /* Build configuration list for PBXNativeTarget "flixterUITests" */;
			buildPhases = (
				48DAEFB7B55395DEC9C31A48 /* [CP] Check Pods Manifest.lock */,
				07EBEB1B251F0CC6005AB2EF /* Sources */,
				07EBEB1C251F0CC6005AB2EF /* Frameworks */,
				07EBEB1D251F0CC6005AB2EF /* Resources */,
				6F464EA541DCBDD7F5CBF659 /* [CP] Embed Pods Frameworks */,
			);
			buildRules = (
			);
			dependencies = (
				07EBEB21251F0CC6005AB2EF /* PBXTargetDependency */,
			);
			name = flixterUITests;
			productName = flixterUITests;
			productReference = 07EBEB1F251F0CC6005AB2EF /* flixterUITests.xctest */;
			productType = "com.apple.product-type.bundle.ui-testing";
		};
/* End PBXNativeTarget section */

/* Begin PBXProject section */
		07EBEAF6251F0CC5005AB2EF /* Project object */ = {
			isa = PBXProject;
			attributes = {
				LastSwiftUpdateCheck = 1200;
				LastUpgradeCheck = 1200;
				TargetAttributes = {
					07EBEAFD251F0CC5005AB2EF = {
						CreatedOnToolsVersion = 12.0.1;
					};
					07EBEB13251F0CC6005AB2EF = {
						CreatedOnToolsVersion = 12.0.1;
						TestTargetID = 07EBEAFD251F0CC5005AB2EF;
					};
					07EBEB1E251F0CC6005AB2EF = {
						CreatedOnToolsVersion = 12.0.1;
						TestTargetID = 07EBEAFD251F0CC5005AB2EF;
					};
				};
			};
			buildConfigurationList = 07EBEAF9251F0CC5005AB2EF /* Build configuration list for PBXProject "flixter" */;
			compatibilityVersion = "Xcode 9.3";
			developmentRegion = en;
			hasScannedForEncodings = 0;
			knownRegions = (
				en,
				Base,
			);
			mainGroup = 07EBEAF5251F0CC5005AB2EF;
			productRefGroup = 07EBEAFF251F0CC5005AB2EF /* Products */;
			projectDirPath = "";
			projectRoot = "";
			targets = (
				07EBEAFD251F0CC5005AB2EF /* flixter */,
				07EBEB13251F0CC6005AB2EF /* flixterTests */,
				07EBEB1E251F0CC6005AB2EF /* flixterUITests */,
			);
		};
/* End PBXProject section */

/* Begin PBXResourcesBuildPhase section */
		07EBEAFC251F0CC5005AB2EF /* Resources */ = {
			isa = PBXResourcesBuildPhase;
			buildActionMask = 2147483647;
			files = (
				07EBEB0E251F0CC6005AB2EF /* LaunchScreen.storyboard in Resources */,
				07EBEB0B251F0CC6005AB2EF /* Assets.xcassets in Resources */,
				07EBEB09251F0CC5005AB2EF /* Main.storyboard in Resources */,
			);
			runOnlyForDeploymentPostprocessing = 0;
		};
		07EBEB12251F0CC6005AB2EF /* Resources */ = {
			isa = PBXResourcesBuildPhase;
			buildActionMask = 2147483647;
			files = (
			);
			runOnlyForDeploymentPostprocessing = 0;
		};
		07EBEB1D251F0CC6005AB2EF /* Resources */ = {
			isa = PBXResourcesBuildPhase;
			buildActionMask = 2147483647;
			files = (
			);
			runOnlyForDeploymentPostprocessing = 0;
		};
/* End PBXResourcesBuildPhase section */

/* Begin PBXShellScriptBuildPhase section */
		48DAEFB7B55395DEC9C31A48 /* [CP] Check Pods Manifest.lock */ = {
			isa = PBXShellScriptBuildPhase;
			buildActionMask = 2147483647;
			files = (
			);
			inputFileListPaths = (
			);
			inputPaths = (
				"${PODS_PODFILE_DIR_PATH}/Podfile.lock",
				"${PODS_ROOT}/Manifest.lock",
			);
			name = "[CP] Check Pods Manifest.lock";
			outputFileListPaths = (
			);
			outputPaths = (
				"$(DERIVED_FILE_DIR)/Pods-flixter-flixterUITests-checkManifestLockResult.txt",
			);
			runOnlyForDeploymentPostprocessing = 0;
			shellPath = /bin/sh;
			shellScript = "diff \"${PODS_PODFILE_DIR_PATH}/Podfile.lock\" \"${PODS_ROOT}/Manifest.lock\" > /dev/null\nif [ $? != 0 ] ; then\n    # print error to STDERR\n    echo \"error: The sandbox is not in sync with the Podfile.lock. Run 'pod install' or update your CocoaPods installation.\" >&2\n    exit 1\nfi\n# This output is used by Xcode 'outputs' to avoid re-running this script phase.\necho \"SUCCESS\" > \"${SCRIPT_OUTPUT_FILE_0}\"\n";
			showEnvVarsInLog = 0;
		};
		5DDE65D22EF31D91DCED7453 /* [CP] Check Pods Manifest.lock */ = {
			isa = PBXShellScriptBuildPhase;
			buildActionMask = 2147483647;
			files = (
			);
			inputFileListPaths = (
			);
			inputPaths = (
				"${PODS_PODFILE_DIR_PATH}/Podfile.lock",
				"${PODS_ROOT}/Manifest.lock",
			);
			name = "[CP] Check Pods Manifest.lock";
			outputFileListPaths = (
			);
			outputPaths = (
				"$(DERIVED_FILE_DIR)/Pods-flixter-checkManifestLockResult.txt",
			);
			runOnlyForDeploymentPostprocessing = 0;
			shellPath = /bin/sh;
			shellScript = "diff \"${PODS_PODFILE_DIR_PATH}/Podfile.lock\" \"${PODS_ROOT}/Manifest.lock\" > /dev/null\nif [ $? != 0 ] ; then\n    # print error to STDERR\n    echo \"error: The sandbox is not in sync with the Podfile.lock. Run 'pod install' or update your CocoaPods installation.\" >&2\n    exit 1\nfi\n# This output is used by Xcode 'outputs' to avoid re-running this script phase.\necho \"SUCCESS\" > \"${SCRIPT_OUTPUT_FILE_0}\"\n";
			showEnvVarsInLog = 0;
		};
		6F464EA541DCBDD7F5CBF659 /* [CP] Embed Pods Frameworks */ = {
			isa = PBXShellScriptBuildPhase;
			buildActionMask = 2147483647;
			files = (
			);
			inputFileListPaths = (
				"${PODS_ROOT}/Target Support Files/Pods-flixter-flixterUITests/Pods-flixter-flixterUITests-frameworks-${CONFIGURATION}-input-files.xcfilelist",
			);
			name = "[CP] Embed Pods Frameworks";
			outputFileListPaths = (
				"${PODS_ROOT}/Target Support Files/Pods-flixter-flixterUITests/Pods-flixter-flixterUITests-frameworks-${CONFIGURATION}-output-files.xcfilelist",
			);
			runOnlyForDeploymentPostprocessing = 0;
			shellPath = /bin/sh;
			shellScript = "\"${PODS_ROOT}/Target Support Files/Pods-flixter-flixterUITests/Pods-flixter-flixterUITests-frameworks.sh\"\n";
			showEnvVarsInLog = 0;
		};
		AD621CFF1DBCB856808F9484 /* [CP] Check Pods Manifest.lock */ = {
			isa = PBXShellScriptBuildPhase;
			buildActionMask = 2147483647;
			files = (
			);
			inputFileListPaths = (
			);
			inputPaths = (
				"${PODS_PODFILE_DIR_PATH}/Podfile.lock",
				"${PODS_ROOT}/Manifest.lock",
			);
			name = "[CP] Check Pods Manifest.lock";
			outputFileListPaths = (
			);
			outputPaths = (
				"$(DERIVED_FILE_DIR)/Pods-flixterTests-checkManifestLockResult.txt",
			);
			runOnlyForDeploymentPostprocessing = 0;
			shellPath = /bin/sh;
			shellScript = "diff \"${PODS_PODFILE_DIR_PATH}/Podfile.lock\" \"${PODS_ROOT}/Manifest.lock\" > /dev/null\nif [ $? != 0 ] ; then\n    # print error to STDERR\n    echo \"error: The sandbox is not in sync with the Podfile.lock. Run 'pod install' or update your CocoaPods installation.\" >&2\n    exit 1\nfi\n# This output is used by Xcode 'outputs' to avoid re-running this script phase.\necho \"SUCCESS\" > \"${SCRIPT_OUTPUT_FILE_0}\"\n";
			showEnvVarsInLog = 0;
		};
		FBD7AF95506A5F54A92952BF /* [CP] Embed Pods Frameworks */ = {
			isa = PBXShellScriptBuildPhase;
			buildActionMask = 2147483647;
			files = (
			);
			inputFileListPaths = (
				"${PODS_ROOT}/Target Support Files/Pods-flixter/Pods-flixter-frameworks-${CONFIGURATION}-input-files.xcfilelist",
			);
			name = "[CP] Embed Pods Frameworks";
			outputFileListPaths = (
				"${PODS_ROOT}/Target Support Files/Pods-flixter/Pods-flixter-frameworks-${CONFIGURATION}-output-files.xcfilelist",
			);
			runOnlyForDeploymentPostprocessing = 0;
			shellPath = /bin/sh;
			shellScript = "\"${PODS_ROOT}/Target Support Files/Pods-flixter/Pods-flixter-frameworks.sh\"\n";
			showEnvVarsInLog = 0;
		};
/* End PBXShellScriptBuildPhase section */

/* Begin PBXSourcesBuildPhase section */
		07EBEAFA251F0CC5005AB2EF /* Sources */ = {
			isa = PBXSourcesBuildPhase;
			buildActionMask = 2147483647;
			files = (
				07BB8F7E2527D59300D8C9AD /* MovieDetailsViewController.swift in Sources */,
				07EBEB02251F0CC5005AB2EF /* AppDelegate.swift in Sources */,
				07EBEB04251F0CC5005AB2EF /* SceneDelegate.swift in Sources */,
				07FBB7CE251F1BC300B965A0 /* MovieCell.swift in Sources */,
				07EBEB35251F0D87005AB2EF /* MoviesViewController.swift in Sources */,
				07AFF2432527E66A006CE052 /* MovieGridViewController.swift in Sources */,
			);
			runOnlyForDeploymentPostprocessing = 0;
		};
		07EBEB10251F0CC6005AB2EF /* Sources */ = {
			isa = PBXSourcesBuildPhase;
			buildActionMask = 2147483647;
			files = (
				07EBEB19251F0CC6005AB2EF /* flixterTests.swift in Sources */,
			);
			runOnlyForDeploymentPostprocessing = 0;
		};
		07EBEB1B251F0CC6005AB2EF /* Sources */ = {
			isa = PBXSourcesBuildPhase;
			buildActionMask = 2147483647;
			files = (
				07EBEB24251F0CC6005AB2EF /* flixterUITests.swift in Sources */,
			);
			runOnlyForDeploymentPostprocessing = 0;
		};
/* End PBXSourcesBuildPhase section */

/* Begin PBXTargetDependency section */
		07EBEB16251F0CC6005AB2EF /* PBXTargetDependency */ = {
			isa = PBXTargetDependency;
			target = 07EBEAFD251F0CC5005AB2EF /* flixter */;
			targetProxy = 07EBEB15251F0CC6005AB2EF /* PBXContainerItemProxy */;
		};
		07EBEB21251F0CC6005AB2EF /* PBXTargetDependency */ = {
			isa = PBXTargetDependency;
			target = 07EBEAFD251F0CC5005AB2EF /* flixter */;
			targetProxy = 07EBEB20251F0CC6005AB2EF /* PBXContainerItemProxy */;
		};
/* End PBXTargetDependency section */

/* Begin PBXVariantGroup section */
		07EBEB07251F0CC5005AB2EF /* Main.storyboard */ = {
			isa = PBXVariantGroup;
			children = (
				07EBEB08251F0CC5005AB2EF /* Base */,
			);
			name = Main.storyboard;
			sourceTree = "<group>";
		};
		07EBEB0C251F0CC6005AB2EF /* LaunchScreen.storyboard */ = {
			isa = PBXVariantGroup;
			children = (
				07EBEB0D251F0CC6005AB2EF /* Base */,
			);
			name = LaunchScreen.storyboard;
			sourceTree = "<group>";
		};
/* End PBXVariantGroup section */

/* Begin XCBuildConfiguration section */
		07EBEB26251F0CC6005AB2EF /* Debug */ = {
			isa = XCBuildConfiguration;
			buildSettings = {
				ALWAYS_SEARCH_USER_PATHS = NO;
				CLANG_ANALYZER_NONNULL = YES;
				CLANG_ANALYZER_NUMBER_OBJECT_CONVERSION = YES_AGGRESSIVE;
				CLANG_CXX_LANGUAGE_STANDARD = "gnu++14";
				CLANG_CXX_LIBRARY = "libc++";
				CLANG_ENABLE_MODULES = YES;
				CLANG_ENABLE_OBJC_ARC = YES;
				CLANG_ENABLE_OBJC_WEAK = YES;
				CLANG_WARN_BLOCK_CAPTURE_AUTORELEASING = YES;
				CLANG_WARN_BOOL_CONVERSION = YES;
				CLANG_WARN_COMMA = YES;
				CLANG_WARN_CONSTANT_CONVERSION = YES;
				CLANG_WARN_DEPRECATED_OBJC_IMPLEMENTATIONS = YES;
				CLANG_WARN_DIRECT_OBJC_ISA_USAGE = YES_ERROR;
				CLANG_WARN_DOCUMENTATION_COMMENTS = YES;
				CLANG_WARN_EMPTY_BODY = YES;
				CLANG_WARN_ENUM_CONVERSION = YES;
				CLANG_WARN_INFINITE_RECURSION = YES;
				CLANG_WARN_INT_CONVERSION = YES;
				CLANG_WARN_NON_LITERAL_NULL_CONVERSION = YES;
				CLANG_WARN_OBJC_IMPLICIT_RETAIN_SELF = YES;
				CLANG_WARN_OBJC_LITERAL_CONVERSION = YES;
				CLANG_WARN_OBJC_ROOT_CLASS = YES_ERROR;
				CLANG_WARN_QUOTED_INCLUDE_IN_FRAMEWORK_HEADER = YES;
				CLANG_WARN_RANGE_LOOP_ANALYSIS = YES;
				CLANG_WARN_STRICT_PROTOTYPES = YES;
				CLANG_WARN_SUSPICIOUS_MOVE = YES;
				CLANG_WARN_UNGUARDED_AVAILABILITY = YES_AGGRESSIVE;
				CLANG_WARN_UNREACHABLE_CODE = YES;
				CLANG_WARN__DUPLICATE_METHOD_MATCH = YES;
				COPY_PHASE_STRIP = NO;
				DEBUG_INFORMATION_FORMAT = dwarf;
				ENABLE_STRICT_OBJC_MSGSEND = YES;
				ENABLE_TESTABILITY = YES;
				GCC_C_LANGUAGE_STANDARD = gnu11;
				GCC_DYNAMIC_NO_PIC = NO;
				GCC_NO_COMMON_BLOCKS = YES;
				GCC_OPTIMIZATION_LEVEL = 0;
				GCC_PREPROCESSOR_DEFINITIONS = (
					"DEBUG=1",
					"$(inherited)",
				);
				GCC_WARN_64_TO_32_BIT_CONVERSION = YES;
				GCC_WARN_ABOUT_RETURN_TYPE = YES_ERROR;
				GCC_WARN_UNDECLARED_SELECTOR = YES;
				GCC_WARN_UNINITIALIZED_AUTOS = YES_AGGRESSIVE;
				GCC_WARN_UNUSED_FUNCTION = YES;
				GCC_WARN_UNUSED_VARIABLE = YES;
				IPHONEOS_DEPLOYMENT_TARGET = 14.0;
				MTL_ENABLE_DEBUG_INFO = INCLUDE_SOURCE;
				MTL_FAST_MATH = YES;
				ONLY_ACTIVE_ARCH = YES;
				SDKROOT = iphoneos;
				SWIFT_ACTIVE_COMPILATION_CONDITIONS = DEBUG;
				SWIFT_OPTIMIZATION_LEVEL = "-Onone";
			};
			name = Debug;
		};
		07EBEB27251F0CC6005AB2EF /* Release */ = {
			isa = XCBuildConfiguration;
			buildSettings = {
				ALWAYS_SEARCH_USER_PATHS = NO;
				CLANG_ANALYZER_NONNULL = YES;
				CLANG_ANALYZER_NUMBER_OBJECT_CONVERSION = YES_AGGRESSIVE;
				CLANG_CXX_LANGUAGE_STANDARD = "gnu++14";
				CLANG_CXX_LIBRARY = "libc++";
				CLANG_ENABLE_MODULES = YES;
				CLANG_ENABLE_OBJC_ARC = YES;
				CLANG_ENABLE_OBJC_WEAK = YES;
				CLANG_WARN_BLOCK_CAPTURE_AUTORELEASING = YES;
				CLANG_WARN_BOOL_CONVERSION = YES;
				CLANG_WARN_COMMA = YES;
				CLANG_WARN_CONSTANT_CONVERSION = YES;
				CLANG_WARN_DEPRECATED_OBJC_IMPLEMENTATIONS = YES;
				CLANG_WARN_DIRECT_OBJC_ISA_USAGE = YES_ERROR;
				CLANG_WARN_DOCUMENTATION_COMMENTS = YES;
				CLANG_WARN_EMPTY_BODY = YES;
				CLANG_WARN_ENUM_CONVERSION = YES;
				CLANG_WARN_INFINITE_RECURSION = YES;
				CLANG_WARN_INT_CONVERSION = YES;
				CLANG_WARN_NON_LITERAL_NULL_CONVERSION = YES;
				CLANG_WARN_OBJC_IMPLICIT_RETAIN_SELF = YES;
				CLANG_WARN_OBJC_LITERAL_CONVERSION = YES;
				CLANG_WARN_OBJC_ROOT_CLASS = YES_ERROR;
				CLANG_WARN_QUOTED_INCLUDE_IN_FRAMEWORK_HEADER = YES;
				CLANG_WARN_RANGE_LOOP_ANALYSIS = YES;
				CLANG_WARN_STRICT_PROTOTYPES = YES;
				CLANG_WARN_SUSPICIOUS_MOVE = YES;
				CLANG_WARN_UNGUARDED_AVAILABILITY = YES_AGGRESSIVE;
				CLANG_WARN_UNREACHABLE_CODE = YES;
				CLANG_WARN__DUPLICATE_METHOD_MATCH = YES;
				COPY_PHASE_STRIP = NO;
				DEBUG_INFORMATION_FORMAT = "dwarf-with-dsym";
				ENABLE_NS_ASSERTIONS = NO;
				ENABLE_STRICT_OBJC_MSGSEND = YES;
				GCC_C_LANGUAGE_STANDARD = gnu11;
				GCC_NO_COMMON_BLOCKS = YES;
				GCC_WARN_64_TO_32_BIT_CONVERSION = YES;
				GCC_WARN_ABOUT_RETURN_TYPE = YES_ERROR;
				GCC_WARN_UNDECLARED_SELECTOR = YES;
				GCC_WARN_UNINITIALIZED_AUTOS = YES_AGGRESSIVE;
				GCC_WARN_UNUSED_FUNCTION = YES;
				GCC_WARN_UNUSED_VARIABLE = YES;
				IPHONEOS_DEPLOYMENT_TARGET = 14.0;
				MTL_ENABLE_DEBUG_INFO = NO;
				MTL_FAST_MATH = YES;
				SDKROOT = iphoneos;
				SWIFT_COMPILATION_MODE = wholemodule;
				SWIFT_OPTIMIZATION_LEVEL = "-O";
				VALIDATE_PRODUCT = YES;
			};
			name = Release;
		};
		07EBEB29251F0CC6005AB2EF /* Debug */ = {
			isa = XCBuildConfiguration;
			baseConfigurationReference = 8C01A4CF1F4914651FE43741 /* Pods-flixter.debug.xcconfig */;
			buildSettings = {
				ASSETCATALOG_COMPILER_APPICON_NAME = AppIcon;
				ASSETCATALOG_COMPILER_GLOBAL_ACCENT_COLOR_NAME = AccentColor;
				CODE_SIGN_STYLE = Automatic;
				INFOPLIST_FILE = flixter/Info.plist;
				LD_RUNPATH_SEARCH_PATHS = (
					"$(inherited)",
					"@executable_path/Frameworks",
				);
				PRODUCT_BUNDLE_IDENTIFIER = shulim.flixter;
				PRODUCT_NAME = "$(TARGET_NAME)";
				SWIFT_VERSION = 5.0;
				TARGETED_DEVICE_FAMILY = "1,2";
			};
			name = Debug;
		};
		07EBEB2A251F0CC6005AB2EF /* Release */ = {
			isa = XCBuildConfiguration;
			baseConfigurationReference = 6BA11DB7FC8558EB98EFC597 /* Pods-flixter.release.xcconfig */;
			buildSettings = {
				ASSETCATALOG_COMPILER_APPICON_NAME = AppIcon;
				ASSETCATALOG_COMPILER_GLOBAL_ACCENT_COLOR_NAME = AccentColor;
				CODE_SIGN_STYLE = Automatic;
				INFOPLIST_FILE = flixter/Info.plist;
				LD_RUNPATH_SEARCH_PATHS = (
					"$(inherited)",
					"@executable_path/Frameworks",
				);
				PRODUCT_BUNDLE_IDENTIFIER = shulim.flixter;
				PRODUCT_NAME = "$(TARGET_NAME)";
				SWIFT_VERSION = 5.0;
				TARGETED_DEVICE_FAMILY = "1,2";
			};
			name = Release;
		};
		07EBEB2C251F0CC6005AB2EF /* Debug */ = {
			isa = XCBuildConfiguration;
			baseConfigurationReference = 8E263EB86632F16CAD21EF37 /* Pods-flixterTests.debug.xcconfig */;
			buildSettings = {
				ALWAYS_EMBED_SWIFT_STANDARD_LIBRARIES = YES;
				BUNDLE_LOADER = "$(TEST_HOST)";
				CODE_SIGN_STYLE = Automatic;
				INFOPLIST_FILE = flixterTests/Info.plist;
				IPHONEOS_DEPLOYMENT_TARGET = 14.0;
				LD_RUNPATH_SEARCH_PATHS = (
					"$(inherited)",
					"@executable_path/Frameworks",
					"@loader_path/Frameworks",
				);
				PRODUCT_BUNDLE_IDENTIFIER = shulim.flixterTests;
				PRODUCT_NAME = "$(TARGET_NAME)";
				SWIFT_VERSION = 5.0;
				TARGETED_DEVICE_FAMILY = "1,2";
				TEST_HOST = "$(BUILT_PRODUCTS_DIR)/flixter.app/flixter";
			};
			name = Debug;
		};
		07EBEB2D251F0CC6005AB2EF /* Release */ = {
			isa = XCBuildConfiguration;
			baseConfigurationReference = 577F207ED3480331E62639F1 /* Pods-flixterTests.release.xcconfig */;
			buildSettings = {
				ALWAYS_EMBED_SWIFT_STANDARD_LIBRARIES = YES;
				BUNDLE_LOADER = "$(TEST_HOST)";
				CODE_SIGN_STYLE = Automatic;
				INFOPLIST_FILE = flixterTests/Info.plist;
				IPHONEOS_DEPLOYMENT_TARGET = 14.0;
				LD_RUNPATH_SEARCH_PATHS = (
					"$(inherited)",
					"@executable_path/Frameworks",
					"@loader_path/Frameworks",
				);
				PRODUCT_BUNDLE_IDENTIFIER = shulim.flixterTests;
				PRODUCT_NAME = "$(TARGET_NAME)";
				SWIFT_VERSION = 5.0;
				TARGETED_DEVICE_FAMILY = "1,2";
				TEST_HOST = "$(BUILT_PRODUCTS_DIR)/flixter.app/flixter";
			};
			name = Release;
		};
		07EBEB2F251F0CC6005AB2EF /* Debug */ = {
			isa = XCBuildConfiguration;
			baseConfigurationReference = 73989CF2F032BA4F1764F46D /* Pods-flixter-flixterUITests.debug.xcconfig */;
			buildSettings = {
				ALWAYS_EMBED_SWIFT_STANDARD_LIBRARIES = YES;
				CODE_SIGN_STYLE = Automatic;
				INFOPLIST_FILE = flixterUITests/Info.plist;
				LD_RUNPATH_SEARCH_PATHS = (
					"$(inherited)",
					"@executable_path/Frameworks",
					"@loader_path/Frameworks",
				);
				PRODUCT_BUNDLE_IDENTIFIER = shulim.flixterUITests;
				PRODUCT_NAME = "$(TARGET_NAME)";
				SWIFT_VERSION = 5.0;
				TARGETED_DEVICE_FAMILY = "1,2";
				TEST_TARGET_NAME = flixter;
			};
			name = Debug;
		};
		07EBEB30251F0CC6005AB2EF /* Release */ = {
			isa = XCBuildConfiguration;
			baseConfigurationReference = 5F446A3B0B8549FC92CDA190 /* Pods-flixter-flixterUITests.release.xcconfig */;
			buildSettings = {
				ALWAYS_EMBED_SWIFT_STANDARD_LIBRARIES = YES;
				CODE_SIGN_STYLE = Automatic;
				INFOPLIST_FILE = flixterUITests/Info.plist;
				LD_RUNPATH_SEARCH_PATHS = (
					"$(inherited)",
					"@executable_path/Frameworks",
					"@loader_path/Frameworks",
				);
				PRODUCT_BUNDLE_IDENTIFIER = shulim.flixterUITests;
				PRODUCT_NAME = "$(TARGET_NAME)";
				SWIFT_VERSION = 5.0;
				TARGETED_DEVICE_FAMILY = "1,2";
				TEST_TARGET_NAME = flixter;
			};
			name = Release;
		};
/* End XCBuildConfiguration section */

/* Begin XCConfigurationList section */
		07EBEAF9251F0CC5005AB2EF /* Build configuration list for PBXProject "flixter" */ = {
			isa = XCConfigurationList;
			buildConfigurations = (
				07EBEB26251F0CC6005AB2EF /* Debug */,
				07EBEB27251F0CC6005AB2EF /* Release */,
			);
			defaultConfigurationIsVisible = 0;
			defaultConfigurationName = Release;
		};
		07EBEB28251F0CC6005AB2EF /* Build configuration list for PBXNativeTarget "flixter" */ = {
			isa = XCConfigurationList;
			buildConfigurations = (
				07EBEB29251F0CC6005AB2EF /* Debug */,
				07EBEB2A251F0CC6005AB2EF /* Release */,
			);
			defaultConfigurationIsVisible = 0;
			defaultConfigurationName = Release;
		};
		07EBEB2B251F0CC6005AB2EF /* Build configuration list for PBXNativeTarget "flixterTests" */ = {
			isa = XCConfigurationList;
			buildConfigurations = (
				07EBEB2C251F0CC6005AB2EF /* Debug */,
				07EBEB2D251F0CC6005AB2EF /* Release */,
			);
			defaultConfigurationIsVisible = 0;
			defaultConfigurationName = Release;
		};
		07EBEB2E251F0CC6005AB2EF /* Build configuration list for PBXNativeTarget "flixterUITests" */ = {
			isa = XCConfigurationList;
			buildConfigurations = (
				07EBEB2F251F0CC6005AB2EF /* Debug */,
				07EBEB30251F0CC6005AB2EF /* Release */,
			);
			defaultConfigurationIsVisible = 0;
			defaultConfigurationName = Release;
		};
/* End XCConfigurationList section */
	};
	rootObject = 07EBEAF6251F0CC5005AB2EF /* Project object */;
}
